
Microsoft Visual Studio Solution File, Format Version 12.00
# Visual Studio Version 16
VisualStudioVersion = 16.0.30225.117
MinimumVisualStudioVersion = 10.0.40219.1
Project("{FAE04EC0-301F-11D3-BF4B-00C04F79EFBC}") = "ExercicioFixacao01", "ExercicioFixacao01\ExercicioFixacao01.csproj", "{365E7458-EA40-40EC-873B-44489153E872}"
EndProject
Global
	GlobalSection(SolutionConfigurationPlatforms) = preSolution
		Debug|Any CPU = Debug|Any CPU
		Release|Any CPU = Release|Any CPU
	EndGlobalSection
	GlobalSection(ProjectConfigurationPlatforms) = postSolution
		{365E7458-EA40-40EC-873B-44489153E872}.Debug|Any CPU.ActiveCfg = Debug|Any CPU
		{365E7458-EA40-40EC-873B-44489153E872}.Debug|Any CPU.Build.0 = Debug|Any CPU
		{365E7458-EA40-40EC-873B-44489153E872}.Release|Any CPU.ActiveCfg = Release|Any CPU
		{365E7458-EA40-40EC-873B-44489153E872}.Release|Any CPU.Build.0 = Release|Any CPU
	EndGlobalSection
	GlobalSection(SolutionProperties) = preSolution
		HideSolutionNode = FALSE
	EndGlobalSection
	GlobalSection(ExtensibilityGlobals) = postSolution
		SolutionGuid = {00108C3B-3F26-44DD-A28D-E8DA3E05609E}
	EndGlobalSection
EndGlobal
