
Microsoft Visual Studio Solution File, Format Version 12.00
# Visual Studio Version 16
VisualStudioVersion = 16.0.30225.117
MinimumVisualStudioVersion = 10.0.40219.1
Project("{FAE04EC0-301F-11D3-BF4B-00C04F79EFBC}") = "ExercicioFixacao02", "ExercicioFixacao02\ExercicioFixacao02.csproj", "{620DCEF1-CBA1-4F30-84E1-7B037A3D721B}"
EndProject
Global
	GlobalSection(SolutionConfigurationPlatforms) = preSolution
		Debug|Any CPU = Debug|Any CPU
		Release|Any CPU = Release|Any CPU
	EndGlobalSection
	GlobalSection(ProjectConfigurationPlatforms) = postSolution
		{620DCEF1-CBA1-4F30-84E1-7B037A3D721B}.Debug|Any CPU.ActiveCfg = Debug|Any CPU
		{620DCEF1-CBA1-4F30-84E1-7B037A3D721B}.Debug|Any CPU.Build.0 = Debug|Any CPU
		{620DCEF1-CBA1-4F30-84E1-7B037A3D721B}.Release|Any CPU.ActiveCfg = Release|Any CPU
		{620DCEF1-CBA1-4F30-84E1-7B037A3D721B}.Release|Any CPU.Build.0 = Release|Any CPU
	EndGlobalSection
	GlobalSection(SolutionProperties) = preSolution
		HideSolutionNode = FALSE
	EndGlobalSection
	GlobalSection(ExtensibilityGlobals) = postSolution
		SolutionGuid = {85198D1A-9B16-43A5-8B62-49841753B479}
	EndGlobalSection
EndGlobal
