
Microsoft Visual Studio Solution File, Format Version 12.00
# Visual Studio Version 16
VisualStudioVersion = 16.0.30225.117
MinimumVisualStudioVersion = 10.0.40219.1
Project("{FAE04EC0-301F-11D3-BF4B-00C04F79EFBC}") = "CalcularAreaTriangulo", "CalcularAreaTriangulo\CalcularAreaTriangulo.csproj", "{BBCC4A0C-101C-4DE4-9443-F073DBC83FC7}"
EndProject
Global
	GlobalSection(SolutionConfigurationPlatforms) = preSolution
		Debug|Any CPU = Debug|Any CPU
		Release|Any CPU = Release|Any CPU
	EndGlobalSection
	GlobalSection(ProjectConfigurationPlatforms) = postSolution
		{BBCC4A0C-101C-4DE4-9443-F073DBC83FC7}.Debug|Any CPU.ActiveCfg = Debug|Any CPU
		{BBCC4A0C-101C-4DE4-9443-F073DBC83FC7}.Debug|Any CPU.Build.0 = Debug|Any CPU
		{BBCC4A0C-101C-4DE4-9443-F073DBC83FC7}.Release|Any CPU.ActiveCfg = Release|Any CPU
		{BBCC4A0C-101C-4DE4-9443-F073DBC83FC7}.Release|Any CPU.Build.0 = Release|Any CPU
	EndGlobalSection
	GlobalSection(SolutionProperties) = preSolution
		HideSolutionNode = FALSE
	EndGlobalSection
	GlobalSection(ExtensibilityGlobals) = postSolution
		SolutionGuid = {0F0873C8-1355-49F9-88CD-6C0804276D15}
	EndGlobalSection
EndGlobal
